// !$*UTF8*$!
{
	archiveVersion = 1;
	classes = {
	};
	objectVersion = 46;
	objects = {

/* Begin PBXBuildFile section */
		C71A07971C23064F00235D78 /* LTArrayViewController.swift in Sources */ = {isa = PBXBuildFile; fileRef = C71A07961C23064F00235D78 /* LTArrayViewController.swift */; };
		C71A07991C23067400235D78 /* LTArrayRootView.swift in Sources */ = {isa = PBXBuildFile; fileRef = C71A07981C23067400235D78 /* LTArrayRootView.swift */; };
		C71A079B1C23068C00235D78 /* LTTableViewCell.swift in Sources */ = {isa = PBXBuildFile; fileRef = C71A079A1C23068C00235D78 /* LTTableViewCell.swift */; };
		C71A07A11C23382700235D78 /* LTSwitchButton.swift in Sources */ = {isa = PBXBuildFile; fileRef = C71A07A01C23382700235D78 /* LTSwitchButton.swift */; };
		C71A07A31C23383B00235D78 /* LTSwitchButtonView.xib in Resources */ = {isa = PBXBuildFile; fileRef = C71A07A21C23383B00235D78 /* LTSwitchButtonView.xib */; };
		C71A07A81C23F9F600235D78 /* OTMLoadingView.swift in Sources */ = {isa = PBXBuildFile; fileRef = C71A07A51C23F9F600235D78 /* OTMLoadingView.swift */; };
		C71A07A91C23F9F600235D78 /* OTMLoadingView.xib in Resources */ = {isa = PBXBuildFile; fileRef = C71A07A61C23F9F600235D78 /* OTMLoadingView.xib */; };
		C71A07AA1C23F9F600235D78 /* OTMView.swift in Sources */ = {isa = PBXBuildFile; fileRef = C71A07A71C23F9F600235D78 /* OTMView.swift */; };
		C71A07AC1C2403DF00235D78 /* LTSwitchButtonView.swift in Sources */ = {isa = PBXBuildFile; fileRef = C71A07AB1C2403DF00235D78 /* LTSwitchButtonView.swift */; };
		C72800F91C1194010090C2B8 /* LTChangeModel.swift in Sources */ = {isa = PBXBuildFile; fileRef = C72800F81C1194010090C2B8 /* LTChangeModel.swift */; };
		C73520DA1C1EC62500993AEB /* LTLawModel.swift in Sources */ = {isa = PBXBuildFile; fileRef = C73520D91C1EC62500993AEB /* LTLawModel.swift */; };
		C76CE92D1C1B744F006262E8 /* LTMenuViewController.swift in Sources */ = {isa = PBXBuildFile; fileRef = C76CE92C1C1B744F006262E8 /* LTMenuViewController.swift */; };
		C76CE92F1C1B7461006262E8 /* LTMenuRootView.swift in Sources */ = {isa = PBXBuildFile; fileRef = C76CE92E1C1B7461006262E8 /* LTMenuRootView.swift */; };
		C76CE9311C1B7477006262E8 /* LTMenuTableViewCell.swift in Sources */ = {isa = PBXBuildFile; fileRef = C76CE9301C1B7477006262E8 /* LTMenuTableViewCell.swift */; };
		C77397321C3A7AE60093CBCC /* LTChildViewControllerExtensions.swift in Sources */ = {isa = PBXBuildFile; fileRef = C773972C1C3A7AE60093CBCC /* LTChildViewControllerExtensions.swift */; };
		C77397331C3A7AE70093CBCC /* LTFontSizeExtensions.swift in Sources */ = {isa = PBXBuildFile; fileRef = C773972D1C3A7AE60093CBCC /* LTFontSizeExtensions.swift */; };
		C77397341C3A7AE70093CBCC /* LTStringHeightExtensions.swift in Sources */ = {isa = PBXBuildFile; fileRef = C773972E1C3A7AE60093CBCC /* LTStringHeightExtensions.swift */; };
		C77397351C3A7AE70093CBCC /* LTTableViewExtensions.swift in Sources */ = {isa = PBXBuildFile; fileRef = C773972F1C3A7AE60093CBCC /* LTTableViewExtensions.swift */; };
		C77397361C3A7AE70093CBCC /* LTUILabelExtensions.swift in Sources */ = {isa = PBXBuildFile; fileRef = C77397301C3A7AE60093CBCC /* LTUILabelExtensions.swift */; };
		C77397371C3A7AE70093CBCC /* LTUtility.swift in Sources */ = {isa = PBXBuildFile; fileRef = C77397311C3A7AE60093CBCC /* LTUtility.swift */; };
		C77397391C3A9C2C0093CBCC /* LTInitialiserModel.swift in Sources */ = {isa = PBXBuildFile; fileRef = C77397381C3A9C2C0093CBCC /* LTInitialiserModel.swift */; };
		C773973B1C3AA74C0093CBCC /* LTCommitteeModel.swift in Sources */ = {isa = PBXBuildFile; fileRef = C773973A1C3AA74C0093CBCC /* LTCommitteeModel.swift */; };
		C773973D1C3AAA660093CBCC /* CoreDataStackManager.swift in Sources */ = {isa = PBXBuildFile; fileRef = C773973C1C3AAA660093CBCC /* CoreDataStackManager.swift */; };
		C773973F1C3AB1180093CBCC /* LTNSDateExtensions.swift in Sources */ = {isa = PBXBuildFile; fileRef = C773973E1C3AB1180093CBCC /* LTNSDateExtensions.swift */; };
		C77397431C3AB9450093CBCC /* LTClient.swift in Sources */ = {isa = PBXBuildFile; fileRef = C77397401C3AB9450093CBCC /* LTClient.swift */; };
		C77397441C3AB9450093CBCC /* LTClientConstants.swift in Sources */ = {isa = PBXBuildFile; fileRef = C77397411C3AB9450093CBCC /* LTClientConstants.swift */; };
		C77397451C3AB9450093CBCC /* LTClientExtensions.swift in Sources */ = {isa = PBXBuildFile; fileRef = C77397421C3AB9450093CBCC /* LTClientExtensions.swift */; };
		C77397471C3AFE140093CBCC /* LTEntityModel.swift in Sources */ = {isa = PBXBuildFile; fileRef = C77397461C3AFE140093CBCC /* LTEntityModel.swift */; };
		C77397491C3D7DFA0093CBCC /* LTArrayModel.swift in Sources */ = {isa = PBXBuildFile; fileRef = C77397481C3D7DFA0093CBCC /* LTArrayModel.swift */; };
		C773974B1C40095C0093CBCC /* LTSectionModel.swift in Sources */ = {isa = PBXBuildFile; fileRef = C773974A1C40095C0093CBCC /* LTSectionModel.swift */; };
		C7A29E4C1C0C9EAD001B0EF5 /* AppDelegate.swift in Sources */ = {isa = PBXBuildFile; fileRef = C7A29E4B1C0C9EAD001B0EF5 /* AppDelegate.swift */; };
		C7A29E4F1C0C9EAD001B0EF5 /* LawTracker.xcdatamodeld in Sources */ = {isa = PBXBuildFile; fileRef = C7A29E4D1C0C9EAD001B0EF5 /* LawTracker.xcdatamodeld */; };
		C7A29E561C0C9EAD001B0EF5 /* Main.storyboard in Resources */ = {isa = PBXBuildFile; fileRef = C7A29E541C0C9EAD001B0EF5 /* Main.storyboard */; };
		C7A29E581C0C9EAD001B0EF5 /* Assets.xcassets in Resources */ = {isa = PBXBuildFile; fileRef = C7A29E571C0C9EAD001B0EF5 /* Assets.xcassets */; };
		C7A29E5B1C0C9EAD001B0EF5 /* LaunchScreen.storyboard in Resources */ = {isa = PBXBuildFile; fileRef = C7A29E591C0C9EAD001B0EF5 /* LaunchScreen.storyboard */; };
		C7A29E661C0C9EAD001B0EF5 /* LawTrackerTests.swift in Sources */ = {isa = PBXBuildFile; fileRef = C7A29E651C0C9EAD001B0EF5 /* LawTrackerTests.swift */; };
		C7CFB5AE1C1FFFDB00211C6B /* LTMainContentRootView.swift in Sources */ = {isa = PBXBuildFile; fileRef = C7CFB5A61C1FFFDB00211C6B /* LTMainContentRootView.swift */; };
		C7CFB5AF1C1FFFDB00211C6B /* LTMainContentTableViewCell.swift in Sources */ = {isa = PBXBuildFile; fileRef = C7CFB5A71C1FFFDB00211C6B /* LTMainContentTableViewCell.swift */; };
		C7CFB5B01C1FFFDB00211C6B /* LTMainContentViewControllerViewController.swift in Sources */ = {isa = PBXBuildFile; fileRef = C7CFB5A81C1FFFDB00211C6B /* LTMainContentViewControllerViewController.swift */; };
		C7CFB5B11C1FFFDB00211C6B /* LTNewsTableViewCell.swift in Sources */ = {isa = PBXBuildFile; fileRef = C7CFB5A91C1FFFDB00211C6B /* LTNewsTableViewCell.swift */; };
		C7CFB5B21C1FFFDB00211C6B /* LTNewsTableViewDadaSource.swift in Sources */ = {isa = PBXBuildFile; fileRef = C7CFB5AA1C1FFFDB00211C6B /* LTNewsTableViewDadaSource.swift */; };
		C7CFB5B51C2004D100211C6B /* LTHelpViewController.swift in Sources */ = {isa = PBXBuildFile; fileRef = C7CFB5B41C2004D100211C6B /* LTHelpViewController.swift */; };
		C7CFB5B71C2004F700211C6B /* LTHelpRootView.swift in Sources */ = {isa = PBXBuildFile; fileRef = C7CFB5B61C2004F700211C6B /* LTHelpRootView.swift */; };
		C7CFB5B91C2006F200211C6B /* VTSettingModel.swift in Sources */ = {isa = PBXBuildFile; fileRef = C7CFB5B81C2006F200211C6B /* VTSettingModel.swift */; };
		C7CFB5BC1C2008D500211C6B /* LTCellHeaderView.swift in Sources */ = {isa = PBXBuildFile; fileRef = C7CFB5BA1C2008D400211C6B /* LTCellHeaderView.swift */; };
		C7CFB5BD1C2008D500211C6B /* LTCellHeaderView.xib in Resources */ = {isa = PBXBuildFile; fileRef = C7CFB5BB1C2008D400211C6B /* LTCellHeaderView.xib */; };
		C7E792B01C18672C0031C55A /* LTFilterRootView.swift in Sources */ = {isa = PBXBuildFile; fileRef = C7E792A71C18672C0031C55A /* LTFilterRootView.swift */; };
		C7E792B11C18672C0031C55A /* LTFilterTableViewCell.swift in Sources */ = {isa = PBXBuildFile; fileRef = C7E792A81C18672C0031C55A /* LTFilterTableViewCell.swift */; };
		C7E792B21C18672C0031C55A /* LTFilterViewController.swift in Sources */ = {isa = PBXBuildFile; fileRef = C7E792A91C18672C0031C55A /* LTFilterViewController.swift */; };
/* End PBXBuildFile section */

/* Begin PBXContainerItemProxy section */
		C7A29E621C0C9EAD001B0EF5 /* PBXContainerItemProxy */ = {
			isa = PBXContainerItemProxy;
			containerPortal = C7A29E401C0C9EAD001B0EF5 /* Project object */;
			proxyType = 1;
			remoteGlobalIDString = C7A29E471C0C9EAD001B0EF5;
			remoteInfo = LawTracker;
		};
/* End PBXContainerItemProxy section */

/* Begin PBXFileReference section */
		C71A07961C23064F00235D78 /* LTArrayViewController.swift */ = {isa = PBXFileReference; fileEncoding = 4; lastKnownFileType = sourcecode.swift; path = LTArrayViewController.swift; sourceTree = "<group>"; };
		C71A07981C23067400235D78 /* LTArrayRootView.swift */ = {isa = PBXFileReference; fileEncoding = 4; lastKnownFileType = sourcecode.swift; path = LTArrayRootView.swift; sourceTree = "<group>"; };
		C71A079A1C23068C00235D78 /* LTTableViewCell.swift */ = {isa = PBXFileReference; fileEncoding = 4; lastKnownFileType = sourcecode.swift; path = LTTableViewCell.swift; sourceTree = "<group>"; };
		C71A07A01C23382700235D78 /* LTSwitchButton.swift */ = {isa = PBXFileReference; fileEncoding = 4; lastKnownFileType = sourcecode.swift; path = LTSwitchButton.swift; sourceTree = "<group>"; };
		C71A07A21C23383B00235D78 /* LTSwitchButtonView.xib */ = {isa = PBXFileReference; fileEncoding = 4; lastKnownFileType = file.xib; path = LTSwitchButtonView.xib; sourceTree = "<group>"; };
		C71A07A51C23F9F600235D78 /* OTMLoadingView.swift */ = {isa = PBXFileReference; fileEncoding = 4; lastKnownFileType = sourcecode.swift; path = OTMLoadingView.swift; sourceTree = "<group>"; };
		C71A07A61C23F9F600235D78 /* OTMLoadingView.xib */ = {isa = PBXFileReference; fileEncoding = 4; lastKnownFileType = file.xib; path = OTMLoadingView.xib; sourceTree = "<group>"; };
		C71A07A71C23F9F600235D78 /* OTMView.swift */ = {isa = PBXFileReference; fileEncoding = 4; lastKnownFileType = sourcecode.swift; path = OTMView.swift; sourceTree = "<group>"; };
		C71A07AB1C2403DF00235D78 /* LTSwitchButtonView.swift */ = {isa = PBXFileReference; fileEncoding = 4; lastKnownFileType = sourcecode.swift; path = LTSwitchButtonView.swift; sourceTree = "<group>"; };
		C72800F81C1194010090C2B8 /* LTChangeModel.swift */ = {isa = PBXFileReference; fileEncoding = 4; lastKnownFileType = sourcecode.swift; path = LTChangeModel.swift; sourceTree = "<group>"; };
		C73520D91C1EC62500993AEB /* LTLawModel.swift */ = {isa = PBXFileReference; fileEncoding = 4; lastKnownFileType = sourcecode.swift; path = LTLawModel.swift; sourceTree = "<group>"; };
		C76CE92C1C1B744F006262E8 /* LTMenuViewController.swift */ = {isa = PBXFileReference; fileEncoding = 4; lastKnownFileType = sourcecode.swift; path = LTMenuViewController.swift; sourceTree = "<group>"; };
		C76CE92E1C1B7461006262E8 /* LTMenuRootView.swift */ = {isa = PBXFileReference; fileEncoding = 4; lastKnownFileType = sourcecode.swift; path = LTMenuRootView.swift; sourceTree = "<group>"; };
		C76CE9301C1B7477006262E8 /* LTMenuTableViewCell.swift */ = {isa = PBXFileReference; fileEncoding = 4; lastKnownFileType = sourcecode.swift; path = LTMenuTableViewCell.swift; sourceTree = "<group>"; };
		C773972C1C3A7AE60093CBCC /* LTChildViewControllerExtensions.swift */ = {isa = PBXFileReference; fileEncoding = 4; lastKnownFileType = sourcecode.swift; path = LTChildViewControllerExtensions.swift; sourceTree = "<group>"; };
		C773972D1C3A7AE60093CBCC /* LTFontSizeExtensions.swift */ = {isa = PBXFileReference; fileEncoding = 4; lastKnownFileType = sourcecode.swift; path = LTFontSizeExtensions.swift; sourceTree = "<group>"; };
		C773972E1C3A7AE60093CBCC /* LTStringHeightExtensions.swift */ = {isa = PBXFileReference; fileEncoding = 4; lastKnownFileType = sourcecode.swift; path = LTStringHeightExtensions.swift; sourceTree = "<group>"; };
		C773972F1C3A7AE60093CBCC /* LTTableViewExtensions.swift */ = {isa = PBXFileReference; fileEncoding = 4; lastKnownFileType = sourcecode.swift; path = LTTableViewExtensions.swift; sourceTree = "<group>"; };
		C77397301C3A7AE60093CBCC /* LTUILabelExtensions.swift */ = {isa = PBXFileReference; fileEncoding = 4; lastKnownFileType = sourcecode.swift; path = LTUILabelExtensions.swift; sourceTree = "<group>"; };
		C77397311C3A7AE60093CBCC /* LTUtility.swift */ = {isa = PBXFileReference; fileEncoding = 4; lastKnownFileType = sourcecode.swift; path = LTUtility.swift; sourceTree = "<group>"; };
		C77397381C3A9C2C0093CBCC /* LTInitialiserModel.swift */ = {isa = PBXFileReference; fileEncoding = 4; lastKnownFileType = sourcecode.swift; path = LTInitialiserModel.swift; sourceTree = "<group>"; };
		C773973A1C3AA74C0093CBCC /* LTCommitteeModel.swift */ = {isa = PBXFileReference; fileEncoding = 4; lastKnownFileType = sourcecode.swift; path = LTCommitteeModel.swift; sourceTree = "<group>"; };
		C773973C1C3AAA660093CBCC /* CoreDataStackManager.swift */ = {isa = PBXFileReference; fileEncoding = 4; lastKnownFileType = sourcecode.swift; path = CoreDataStackManager.swift; sourceTree = "<group>"; };
		C773973E1C3AB1180093CBCC /* LTNSDateExtensions.swift */ = {isa = PBXFileReference; fileEncoding = 4; lastKnownFileType = sourcecode.swift; path = LTNSDateExtensions.swift; sourceTree = "<group>"; };
		C77397401C3AB9450093CBCC /* LTClient.swift */ = {isa = PBXFileReference; fileEncoding = 4; lastKnownFileType = sourcecode.swift; path = LTClient.swift; sourceTree = "<group>"; };
		C77397411C3AB9450093CBCC /* LTClientConstants.swift */ = {isa = PBXFileReference; fileEncoding = 4; lastKnownFileType = sourcecode.swift; path = LTClientConstants.swift; sourceTree = "<group>"; };
		C77397421C3AB9450093CBCC /* LTClientExtensions.swift */ = {isa = PBXFileReference; fileEncoding = 4; lastKnownFileType = sourcecode.swift; path = LTClientExtensions.swift; sourceTree = "<group>"; };
		C77397461C3AFE140093CBCC /* LTEntityModel.swift */ = {isa = PBXFileReference; fileEncoding = 4; lastKnownFileType = sourcecode.swift; path = LTEntityModel.swift; sourceTree = "<group>"; };
		C77397481C3D7DFA0093CBCC /* LTArrayModel.swift */ = {isa = PBXFileReference; fileEncoding = 4; lastKnownFileType = sourcecode.swift; path = LTArrayModel.swift; sourceTree = "<group>"; };
		C773974A1C40095C0093CBCC /* LTSectionModel.swift */ = {isa = PBXFileReference; fileEncoding = 4; lastKnownFileType = sourcecode.swift; path = LTSectionModel.swift; sourceTree = "<group>"; };
		C7A29E481C0C9EAD001B0EF5 /* LawTracker.app */ = {isa = PBXFileReference; explicitFileType = wrapper.application; includeInIndex = 0; path = LawTracker.app; sourceTree = BUILT_PRODUCTS_DIR; };
		C7A29E4B1C0C9EAD001B0EF5 /* AppDelegate.swift */ = {isa = PBXFileReference; lastKnownFileType = sourcecode.swift; path = AppDelegate.swift; sourceTree = "<group>"; };
		C7A29E4E1C0C9EAD001B0EF5 /* LawTracker.xcdatamodel */ = {isa = PBXFileReference; lastKnownFileType = wrapper.xcdatamodel; path = LawTracker.xcdatamodel; sourceTree = "<group>"; };
		C7A29E551C0C9EAD001B0EF5 /* Base */ = {isa = PBXFileReference; lastKnownFileType = file.storyboard; name = Base; path = Base.lproj/Main.storyboard; sourceTree = "<group>"; };
		C7A29E571C0C9EAD001B0EF5 /* Assets.xcassets */ = {isa = PBXFileReference; lastKnownFileType = folder.assetcatalog; path = Assets.xcassets; sourceTree = "<group>"; };
		C7A29E5A1C0C9EAD001B0EF5 /* Base */ = {isa = PBXFileReference; lastKnownFileType = file.storyboard; name = Base; path = Base.lproj/LaunchScreen.storyboard; sourceTree = "<group>"; };
		C7A29E5C1C0C9EAD001B0EF5 /* Info.plist */ = {isa = PBXFileReference; lastKnownFileType = text.plist.xml; path = Info.plist; sourceTree = "<group>"; };
		C7A29E611C0C9EAD001B0EF5 /* LawTrackerTests.xctest */ = {isa = PBXFileReference; explicitFileType = wrapper.cfbundle; includeInIndex = 0; path = LawTrackerTests.xctest; sourceTree = BUILT_PRODUCTS_DIR; };
		C7A29E651C0C9EAD001B0EF5 /* LawTrackerTests.swift */ = {isa = PBXFileReference; lastKnownFileType = sourcecode.swift; path = LawTrackerTests.swift; sourceTree = "<group>"; };
		C7A29E671C0C9EAD001B0EF5 /* Info.plist */ = {isa = PBXFileReference; lastKnownFileType = text.plist.xml; path = Info.plist; sourceTree = "<group>"; };
		C7CFB5A61C1FFFDB00211C6B /* LTMainContentRootView.swift */ = {isa = PBXFileReference; fileEncoding = 4; lastKnownFileType = sourcecode.swift; path = LTMainContentRootView.swift; sourceTree = "<group>"; };
		C7CFB5A71C1FFFDB00211C6B /* LTMainContentTableViewCell.swift */ = {isa = PBXFileReference; fileEncoding = 4; lastKnownFileType = sourcecode.swift; path = LTMainContentTableViewCell.swift; sourceTree = "<group>"; };
		C7CFB5A81C1FFFDB00211C6B /* LTMainContentViewControllerViewController.swift */ = {isa = PBXFileReference; fileEncoding = 4; lastKnownFileType = sourcecode.swift; path = LTMainContentViewControllerViewController.swift; sourceTree = "<group>"; };
		C7CFB5A91C1FFFDB00211C6B /* LTNewsTableViewCell.swift */ = {isa = PBXFileReference; fileEncoding = 4; lastKnownFileType = sourcecode.swift; path = LTNewsTableViewCell.swift; sourceTree = "<group>"; };
		C7CFB5AA1C1FFFDB00211C6B /* LTNewsTableViewDadaSource.swift */ = {isa = PBXFileReference; fileEncoding = 4; lastKnownFileType = sourcecode.swift; path = LTNewsTableViewDadaSource.swift; sourceTree = "<group>"; };
		C7CFB5B41C2004D100211C6B /* LTHelpViewController.swift */ = {isa = PBXFileReference; fileEncoding = 4; lastKnownFileType = sourcecode.swift; path = LTHelpViewController.swift; sourceTree = "<group>"; };
		C7CFB5B61C2004F700211C6B /* LTHelpRootView.swift */ = {isa = PBXFileReference; fileEncoding = 4; lastKnownFileType = sourcecode.swift; path = LTHelpRootView.swift; sourceTree = "<group>"; };
		C7CFB5B81C2006F200211C6B /* VTSettingModel.swift */ = {isa = PBXFileReference; fileEncoding = 4; lastKnownFileType = sourcecode.swift; path = VTSettingModel.swift; sourceTree = "<group>"; };
		C7CFB5BA1C2008D400211C6B /* LTCellHeaderView.swift */ = {isa = PBXFileReference; fileEncoding = 4; lastKnownFileType = sourcecode.swift; path = LTCellHeaderView.swift; sourceTree = "<group>"; };
		C7CFB5BB1C2008D400211C6B /* LTCellHeaderView.xib */ = {isa = PBXFileReference; fileEncoding = 4; lastKnownFileType = file.xib; path = LTCellHeaderView.xib; sourceTree = "<group>"; };
		C7E792A71C18672C0031C55A /* LTFilterRootView.swift */ = {isa = PBXFileReference; fileEncoding = 4; lastKnownFileType = sourcecode.swift; path = LTFilterRootView.swift; sourceTree = "<group>"; };
		C7E792A81C18672C0031C55A /* LTFilterTableViewCell.swift */ = {isa = PBXFileReference; fileEncoding = 4; lastKnownFileType = sourcecode.swift; path = LTFilterTableViewCell.swift; sourceTree = "<group>"; };
		C7E792A91C18672C0031C55A /* LTFilterViewController.swift */ = {isa = PBXFileReference; fileEncoding = 4; lastKnownFileType = sourcecode.swift; path = LTFilterViewController.swift; sourceTree = "<group>"; };
/* End PBXFileReference section */

/* Begin PBXFrameworksBuildPhase section */
		C7A29E451C0C9EAD001B0EF5 /* Frameworks */ = {
			isa = PBXFrameworksBuildPhase;
			buildActionMask = 2147483647;
			files = (
			);
			runOnlyForDeploymentPostprocessing = 0;
		};
		C7A29E5E1C0C9EAD001B0EF5 /* Frameworks */ = {
			isa = PBXFrameworksBuildPhase;
			buildActionMask = 2147483647;
			files = (
			);
			runOnlyForDeploymentPostprocessing = 0;
		};
/* End PBXFrameworksBuildPhase section */

/* Begin PBXGroup section */
		C71A07951C23063A00235D78 /* BaseClasses */ = {
			isa = PBXGroup;
			children = (
				C71A07961C23064F00235D78 /* LTArrayViewController.swift */,
				C71A07981C23067400235D78 /* LTArrayRootView.swift */,
				C71A079A1C23068C00235D78 /* LTTableViewCell.swift */,
			);
			path = BaseClasses;
			sourceTree = "<group>";
		};
		C71A079E1C23380000235D78 /* Buttons */ = {
			isa = PBXGroup;
			children = (
				C71A079F1C23382700235D78 /* LTSwitchButton */,
			);
			path = Buttons;
			sourceTree = "<group>";
		};
		C71A079F1C23382700235D78 /* LTSwitchButton */ = {
			isa = PBXGroup;
			children = (
				C71A07A01C23382700235D78 /* LTSwitchButton.swift */,
				C71A07A21C23383B00235D78 /* LTSwitchButtonView.xib */,
				C71A07AB1C2403DF00235D78 /* LTSwitchButtonView.swift */,
			);
			path = LTSwitchButton;
			sourceTree = "<group>";
		};
		C71A07A41C23F9F600235D78 /* OTMLoadingView */ = {
			isa = PBXGroup;
			children = (
				C71A07A51C23F9F600235D78 /* OTMLoadingView.swift */,
				C71A07A61C23F9F600235D78 /* OTMLoadingView.xib */,
				C71A07A71C23F9F600235D78 /* OTMView.swift */,
			);
			path = OTMLoadingView;
			sourceTree = "<group>";
		};
		C76CE92B1C1B742F006262E8 /* MenuViewController */ = {
			isa = PBXGroup;
			children = (
				C76CE92C1C1B744F006262E8 /* LTMenuViewController.swift */,
				C76CE92E1C1B7461006262E8 /* LTMenuRootView.swift */,
				C76CE9301C1B7477006262E8 /* LTMenuTableViewCell.swift */,
			);
			path = MenuViewController;
			sourceTree = "<group>";
		};
		C773971D1C3A7ABD0093CBCC /* Client */ = {
			isa = PBXGroup;
			children = (
				C77397401C3AB9450093CBCC /* LTClient.swift */,
				C77397421C3AB9450093CBCC /* LTClientExtensions.swift */,
				C77397411C3AB9450093CBCC /* LTClientConstants.swift */,
			);
			path = Client;
			sourceTree = "<group>";
		};
		C773972B1C3A7AE60093CBCC /* Extensions */ = {
			isa = PBXGroup;
			children = (
				C773972C1C3A7AE60093CBCC /* LTChildViewControllerExtensions.swift */,
				C773972D1C3A7AE60093CBCC /* LTFontSizeExtensions.swift */,
				C773972E1C3A7AE60093CBCC /* LTStringHeightExtensions.swift */,
				C773972F1C3A7AE60093CBCC /* LTTableViewExtensions.swift */,
				C77397301C3A7AE60093CBCC /* LTUILabelExtensions.swift */,
				C77397311C3A7AE60093CBCC /* LTUtility.swift */,
				C773973E1C3AB1180093CBCC /* LTNSDateExtensions.swift */,
			);
			path = Extensions;
			sourceTree = "<group>";
		};
		C7A29E3F1C0C9EAD001B0EF5 = {
			isa = PBXGroup;
			children = (
				C7A29E4A1C0C9EAD001B0EF5 /* LawTracker */,
				C7A29E641C0C9EAD001B0EF5 /* LawTrackerTests */,
				C7A29E491C0C9EAD001B0EF5 /* Products */,
			);
			sourceTree = "<group>";
		};
		C7A29E491C0C9EAD001B0EF5 /* Products */ = {
			isa = PBXGroup;
			children = (
				C7A29E481C0C9EAD001B0EF5 /* LawTracker.app */,
				C7A29E611C0C9EAD001B0EF5 /* LawTrackerTests.xctest */,
			);
			name = Products;
			sourceTree = "<group>";
		};
		C7A29E4A1C0C9EAD001B0EF5 /* LawTracker */ = {
			isa = PBXGroup;
			children = (
				C7A29E4B1C0C9EAD001B0EF5 /* AppDelegate.swift */,
				C7A29E541C0C9EAD001B0EF5 /* Main.storyboard */,
				C7A29E571C0C9EAD001B0EF5 /* Assets.xcassets */,
				C7A29E591C0C9EAD001B0EF5 /* LaunchScreen.storyboard */,
				C7A29E5C1C0C9EAD001B0EF5 /* Info.plist */,
				C7A29E4D1C0C9EAD001B0EF5 /* LawTracker.xcdatamodeld */,
				C7A29E701C0C9F97001B0EF5 /* Sources */,
				C7A29E741C0C9F97001B0EF5 /* Resources */,
			);
			path = LawTracker;
			sourceTree = "<group>";
		};
		C7A29E641C0C9EAD001B0EF5 /* LawTrackerTests */ = {
			isa = PBXGroup;
			children = (
				C7A29E651C0C9EAD001B0EF5 /* LawTrackerTests.swift */,
				C7A29E671C0C9EAD001B0EF5 /* Info.plist */,
			);
			path = LawTrackerTests;
			sourceTree = "<group>";
		};
		C7A29E701C0C9F97001B0EF5 /* Sources */ = {
			isa = PBXGroup;
			children = (
				C7A29E721C0C9F97001B0EF5 /* Models */,
				C773971D1C3A7ABD0093CBCC /* Client */,
				C7A29E731C0C9F97001B0EF5 /* UI */,
				C773972B1C3A7AE60093CBCC /* Extensions */,
			);
			path = Sources;
			sourceTree = "<group>";
		};
		C7A29E721C0C9F97001B0EF5 /* Models */ = {
			isa = PBXGroup;
			children = (
				C773974A1C40095C0093CBCC /* LTSectionModel.swift */,
				C773973C1C3AAA660093CBCC /* CoreDataStackManager.swift */,
				C7CFB5B81C2006F200211C6B /* VTSettingModel.swift */,
				C72800F81C1194010090C2B8 /* LTChangeModel.swift */,
				C73520D91C1EC62500993AEB /* LTLawModel.swift */,
				C77397381C3A9C2C0093CBCC /* LTInitialiserModel.swift */,
				C773973A1C3AA74C0093CBCC /* LTCommitteeModel.swift */,
				C77397461C3AFE140093CBCC /* LTEntityModel.swift */,
				C77397481C3D7DFA0093CBCC /* LTArrayModel.swift */,
			);
			path = Models;
			sourceTree = "<group>";
		};
		C7A29E731C0C9F97001B0EF5 /* UI */ = {
			isa = PBXGroup;
			children = (
				C71A07A41C23F9F600235D78 /* OTMLoadingView */,
				C71A079E1C23380000235D78 /* Buttons */,
				C71A07951C23063A00235D78 /* BaseClasses */,
				C7CFB5A21C1FFFDB00211C6B /* HelpViewController */,
				C7CFB5A31C1FFFDB00211C6B /* MainContentViewController */,
				C76CE92B1C1B742F006262E8 /* MenuViewController */,
				C7E792A61C18672C0031C55A /* FilterViewController */,
			);
			path = UI;
			sourceTree = "<group>";
		};
		C7A29E741C0C9F97001B0EF5 /* Resources */ = {
			isa = PBXGroup;
			children = (
			);
			path = Resources;
			sourceTree = "<group>";
		};
		C7CFB5A21C1FFFDB00211C6B /* HelpViewController */ = {
			isa = PBXGroup;
			children = (
				C7CFB5B41C2004D100211C6B /* LTHelpViewController.swift */,
				C7CFB5B61C2004F700211C6B /* LTHelpRootView.swift */,
			);
			path = HelpViewController;
			sourceTree = "<group>";
		};
		C7CFB5A31C1FFFDB00211C6B /* MainContentViewController */ = {
			isa = PBXGroup;
			children = (
				C7CFB5A81C1FFFDB00211C6B /* LTMainContentViewControllerViewController.swift */,
				C7CFB5A61C1FFFDB00211C6B /* LTMainContentRootView.swift */,
				C7CFB5A71C1FFFDB00211C6B /* LTMainContentTableViewCell.swift */,
				C7CFB5A91C1FFFDB00211C6B /* LTNewsTableViewCell.swift */,
				C7CFB5AA1C1FFFDB00211C6B /* LTNewsTableViewDadaSource.swift */,
				C7CFB5BA1C2008D400211C6B /* LTCellHeaderView.swift */,
				C7CFB5BB1C2008D400211C6B /* LTCellHeaderView.xib */,
			);
			path = MainContentViewController;
			sourceTree = "<group>";
		};
		C7E792A61C18672C0031C55A /* FilterViewController */ = {
			isa = PBXGroup;
			children = (
				C7E792A91C18672C0031C55A /* LTFilterViewController.swift */,
				C7E792A71C18672C0031C55A /* LTFilterRootView.swift */,
				C7E792A81C18672C0031C55A /* LTFilterTableViewCell.swift */,
			);
			path = FilterViewController;
			sourceTree = "<group>";
		};
/* End PBXGroup section */

/* Begin PBXNativeTarget section */
		C7A29E471C0C9EAD001B0EF5 /* LawTracker */ = {
			isa = PBXNativeTarget;
			buildConfigurationList = C7A29E6A1C0C9EAD001B0EF5 /* Build configuration list for PBXNativeTarget "LawTracker" */;
			buildPhases = (
				C7A29E441C0C9EAD001B0EF5 /* Sources */,
				C7A29E451C0C9EAD001B0EF5 /* Frameworks */,
				C7A29E461C0C9EAD001B0EF5 /* Resources */,
			);
			buildRules = (
			);
			dependencies = (
			);
			name = LawTracker;
			productName = LawTracker;
			productReference = C7A29E481C0C9EAD001B0EF5 /* LawTracker.app */;
			productType = "com.apple.product-type.application";
		};
		C7A29E601C0C9EAD001B0EF5 /* LawTrackerTests */ = {
			isa = PBXNativeTarget;
			buildConfigurationList = C7A29E6D1C0C9EAD001B0EF5 /* Build configuration list for PBXNativeTarget "LawTrackerTests" */;
			buildPhases = (
				C7A29E5D1C0C9EAD001B0EF5 /* Sources */,
				C7A29E5E1C0C9EAD001B0EF5 /* Frameworks */,
				C7A29E5F1C0C9EAD001B0EF5 /* Resources */,
			);
			buildRules = (
			);
			dependencies = (
				C7A29E631C0C9EAD001B0EF5 /* PBXTargetDependency */,
			);
			name = LawTrackerTests;
			productName = LawTrackerTests;
			productReference = C7A29E611C0C9EAD001B0EF5 /* LawTrackerTests.xctest */;
			productType = "com.apple.product-type.bundle.unit-test";
		};
/* End PBXNativeTarget section */

/* Begin PBXProject section */
		C7A29E401C0C9EAD001B0EF5 /* Project object */ = {
			isa = PBXProject;
			attributes = {
				LastSwiftUpdateCheck = 0710;
				LastUpgradeCheck = 0710;
				ORGANIZATIONNAME = VarvaraMironova;
				TargetAttributes = {
					C7A29E471C0C9EAD001B0EF5 = {
						CreatedOnToolsVersion = 7.1.1;
					};
					C7A29E601C0C9EAD001B0EF5 = {
						CreatedOnToolsVersion = 7.1.1;
						TestTargetID = C7A29E471C0C9EAD001B0EF5;
					};
				};
			};
			buildConfigurationList = C7A29E431C0C9EAD001B0EF5 /* Build configuration list for PBXProject "LawTracker" */;
			compatibilityVersion = "Xcode 3.2";
			developmentRegion = English;
			hasScannedForEncodings = 0;
			knownRegions = (
				en,
				Base,
			);
			mainGroup = C7A29E3F1C0C9EAD001B0EF5;
			productRefGroup = C7A29E491C0C9EAD001B0EF5 /* Products */;
			projectDirPath = "";
			projectRoot = "";
			targets = (
				C7A29E471C0C9EAD001B0EF5 /* LawTracker */,
				C7A29E601C0C9EAD001B0EF5 /* LawTrackerTests */,
			);
		};
/* End PBXProject section */

/* Begin PBXResourcesBuildPhase section */
		C7A29E461C0C9EAD001B0EF5 /* Resources */ = {
			isa = PBXResourcesBuildPhase;
			buildActionMask = 2147483647;
			files = (
				C7A29E5B1C0C9EAD001B0EF5 /* LaunchScreen.storyboard in Resources */,
				C71A07A31C23383B00235D78 /* LTSwitchButtonView.xib in Resources */,
				C7CFB5BD1C2008D500211C6B /* LTCellHeaderView.xib in Resources */,
				C7A29E581C0C9EAD001B0EF5 /* Assets.xcassets in Resources */,
				C71A07A91C23F9F600235D78 /* OTMLoadingView.xib in Resources */,
				C7A29E561C0C9EAD001B0EF5 /* Main.storyboard in Resources */,
			);
			runOnlyForDeploymentPostprocessing = 0;
		};
		C7A29E5F1C0C9EAD001B0EF5 /* Resources */ = {
			isa = PBXResourcesBuildPhase;
			buildActionMask = 2147483647;
			files = (
			);
			runOnlyForDeploymentPostprocessing = 0;
		};
/* End PBXResourcesBuildPhase section */

/* Begin PBXSourcesBuildPhase section */
		C7A29E441C0C9EAD001B0EF5 /* Sources */ = {
			isa = PBXSourcesBuildPhase;
			buildActionMask = 2147483647;
			files = (
				C71A07971C23064F00235D78 /* LTArrayViewController.swift in Sources */,
				C77397341C3A7AE70093CBCC /* LTStringHeightExtensions.swift in Sources */,
				C77397451C3AB9450093CBCC /* LTClientExtensions.swift in Sources */,
				C77397491C3D7DFA0093CBCC /* LTArrayModel.swift in Sources */,
				C77397361C3A7AE70093CBCC /* LTUILabelExtensions.swift in Sources */,
				C7CFB5AF1C1FFFDB00211C6B /* LTMainContentTableViewCell.swift in Sources */,
				C77397441C3AB9450093CBCC /* LTClientConstants.swift in Sources */,
				C77397371C3A7AE70093CBCC /* LTUtility.swift in Sources */,
				C77397351C3A7AE70093CBCC /* LTTableViewExtensions.swift in Sources */,
				C77397391C3A9C2C0093CBCC /* LTInitialiserModel.swift in Sources */,
				C7CFB5B91C2006F200211C6B /* VTSettingModel.swift in Sources */,
				C71A07A81C23F9F600235D78 /* OTMLoadingView.swift in Sources */,
				C77397471C3AFE140093CBCC /* LTEntityModel.swift in Sources */,
				C76CE92D1C1B744F006262E8 /* LTMenuViewController.swift in Sources */,
				C773973F1C3AB1180093CBCC /* LTNSDateExtensions.swift in Sources */,
				C7CFB5B51C2004D100211C6B /* LTHelpViewController.swift in Sources */,
				C7E792B01C18672C0031C55A /* LTFilterRootView.swift in Sources */,
				C73520DA1C1EC62500993AEB /* LTLawModel.swift in Sources */,
				C76CE92F1C1B7461006262E8 /* LTMenuRootView.swift in Sources */,
				C773973B1C3AA74C0093CBCC /* LTCommitteeModel.swift in Sources */,
				C71A079B1C23068C00235D78 /* LTTableViewCell.swift in Sources */,
				C71A07991C23067400235D78 /* LTArrayRootView.swift in Sources */,
				C7CFB5BC1C2008D500211C6B /* LTCellHeaderView.swift in Sources */,
				C773974B1C40095C0093CBCC /* LTSectionModel.swift in Sources */,
				C7E792B21C18672C0031C55A /* LTFilterViewController.swift in Sources */,
				C7CFB5B01C1FFFDB00211C6B /* LTMainContentViewControllerViewController.swift in Sources */,
				C71A07AA1C23F9F600235D78 /* OTMView.swift in Sources */,
				C7A29E4C1C0C9EAD001B0EF5 /* AppDelegate.swift in Sources */,
				C71A07AC1C2403DF00235D78 /* LTSwitchButtonView.swift in Sources */,
				C7CFB5B11C1FFFDB00211C6B /* LTNewsTableViewCell.swift in Sources */,
				C77397321C3A7AE60093CBCC /* LTChildViewControllerExtensions.swift in Sources */,
				C76CE9311C1B7477006262E8 /* LTMenuTableViewCell.swift in Sources */,
				C72800F91C1194010090C2B8 /* LTChangeModel.swift in Sources */,
				C7CFB5B71C2004F700211C6B /* LTHelpRootView.swift in Sources */,
				C77397431C3AB9450093CBCC /* LTClient.swift in Sources */,
				C773973D1C3AAA660093CBCC /* CoreDataStackManager.swift in Sources */,
				C7A29E4F1C0C9EAD001B0EF5 /* LawTracker.xcdatamodeld in Sources */,
				C71A07A11C23382700235D78 /* LTSwitchButton.swift in Sources */,
				C77397331C3A7AE70093CBCC /* LTFontSizeExtensions.swift in Sources */,
				C7E792B11C18672C0031C55A /* LTFilterTableViewCell.swift in Sources */,
				C7CFB5B21C1FFFDB00211C6B /* LTNewsTableViewDadaSource.swift in Sources */,
				C7CFB5AE1C1FFFDB00211C6B /* LTMainContentRootView.swift in Sources */,
			);
			runOnlyForDeploymentPostprocessing = 0;
		};
		C7A29E5D1C0C9EAD001B0EF5 /* Sources */ = {
			isa = PBXSourcesBuildPhase;
			buildActionMask = 2147483647;
			files = (
				C7A29E661C0C9EAD001B0EF5 /* LawTrackerTests.swift in Sources */,
			);
			runOnlyForDeploymentPostprocessing = 0;
		};
/* End PBXSourcesBuildPhase section */

/* Begin PBXTargetDependency section */
		C7A29E631C0C9EAD001B0EF5 /* PBXTargetDependency */ = {
			isa = PBXTargetDependency;
			target = C7A29E471C0C9EAD001B0EF5 /* LawTracker */;
			targetProxy = C7A29E621C0C9EAD001B0EF5 /* PBXContainerItemProxy */;
		};
/* End PBXTargetDependency section */

/* Begin PBXVariantGroup section */
		C7A29E541C0C9EAD001B0EF5 /* Main.storyboard */ = {
			isa = PBXVariantGroup;
			children = (
				C7A29E551C0C9EAD001B0EF5 /* Base */,
			);
			name = Main.storyboard;
			sourceTree = "<group>";
		};
		C7A29E591C0C9EAD001B0EF5 /* LaunchScreen.storyboard */ = {
			isa = PBXVariantGroup;
			children = (
				C7A29E5A1C0C9EAD001B0EF5 /* Base */,
			);
			name = LaunchScreen.storyboard;
			sourceTree = "<group>";
		};
/* End PBXVariantGroup section */

/* Begin XCBuildConfiguration section */
		C7A29E681C0C9EAD001B0EF5 /* Debug */ = {
			isa = XCBuildConfiguration;
			buildSettings = {
				ALWAYS_SEARCH_USER_PATHS = NO;
				CLANG_CXX_LANGUAGE_STANDARD = "gnu++0x";
				CLANG_CXX_LIBRARY = "libc++";
				CLANG_ENABLE_MODULES = YES;
				CLANG_ENABLE_OBJC_ARC = YES;
				CLANG_WARN_BOOL_CONVERSION = YES;
				CLANG_WARN_CONSTANT_CONVERSION = YES;
				CLANG_WARN_DIRECT_OBJC_ISA_USAGE = YES_ERROR;
				CLANG_WARN_EMPTY_BODY = YES;
				CLANG_WARN_ENUM_CONVERSION = YES;
				CLANG_WARN_INT_CONVERSION = YES;
				CLANG_WARN_OBJC_ROOT_CLASS = YES_ERROR;
				CLANG_WARN_UNREACHABLE_CODE = YES;
				CLANG_WARN__DUPLICATE_METHOD_MATCH = YES;
				"CODE_SIGN_IDENTITY[sdk=iphoneos*]" = "iPhone Developer";
				COPY_PHASE_STRIP = NO;
				DEBUG_INFORMATION_FORMAT = dwarf;
				ENABLE_STRICT_OBJC_MSGSEND = YES;
				ENABLE_TESTABILITY = YES;
				GCC_C_LANGUAGE_STANDARD = gnu99;
				GCC_DYNAMIC_NO_PIC = NO;
				GCC_NO_COMMON_BLOCKS = YES;
				GCC_OPTIMIZATION_LEVEL = 0;
				GCC_PREPROCESSOR_DEFINITIONS = (
					"DEBUG=1",
					"$(inherited)",
				);
				GCC_WARN_64_TO_32_BIT_CONVERSION = YES;
				GCC_WARN_ABOUT_RETURN_TYPE = YES_ERROR;
				GCC_WARN_UNDECLARED_SELECTOR = YES;
				GCC_WARN_UNINITIALIZED_AUTOS = YES_AGGRESSIVE;
				GCC_WARN_UNUSED_FUNCTION = YES;
				GCC_WARN_UNUSED_VARIABLE = YES;
				IPHONEOS_DEPLOYMENT_TARGET = 9.1;
				MTL_ENABLE_DEBUG_INFO = YES;
				ONLY_ACTIVE_ARCH = YES;
				SDKROOT = iphoneos;
				SWIFT_OPTIMIZATION_LEVEL = "-Onone";
			};
			name = Debug;
		};
		C7A29E691C0C9EAD001B0EF5 /* Release */ = {
			isa = XCBuildConfiguration;
			buildSettings = {
				ALWAYS_SEARCH_USER_PATHS = NO;
				CLANG_CXX_LANGUAGE_STANDARD = "gnu++0x";
				CLANG_CXX_LIBRARY = "libc++";
				CLANG_ENABLE_MODULES = YES;
				CLANG_ENABLE_OBJC_ARC = YES;
				CLANG_WARN_BOOL_CONVERSION = YES;
				CLANG_WARN_CONSTANT_CONVERSION = YES;
				CLANG_WARN_DIRECT_OBJC_ISA_USAGE = YES_ERROR;
				CLANG_WARN_EMPTY_BODY = YES;
				CLANG_WARN_ENUM_CONVERSION = YES;
				CLANG_WARN_INT_CONVERSION = YES;
				CLANG_WARN_OBJC_ROOT_CLASS = YES_ERROR;
				CLANG_WARN_UNREACHABLE_CODE = YES;
				CLANG_WARN__DUPLICATE_METHOD_MATCH = YES;
				"CODE_SIGN_IDENTITY[sdk=iphoneos*]" = "iPhone Developer";
				COPY_PHASE_STRIP = NO;
				DEBUG_INFORMATION_FORMAT = "dwarf-with-dsym";
				ENABLE_NS_ASSERTIONS = NO;
				ENABLE_STRICT_OBJC_MSGSEND = YES;
				GCC_C_LANGUAGE_STANDARD = gnu99;
				GCC_NO_COMMON_BLOCKS = YES;
				GCC_WARN_64_TO_32_BIT_CONVERSION = YES;
				GCC_WARN_ABOUT_RETURN_TYPE = YES_ERROR;
				GCC_WARN_UNDECLARED_SELECTOR = YES;
				GCC_WARN_UNINITIALIZED_AUTOS = YES_AGGRESSIVE;
				GCC_WARN_UNUSED_FUNCTION = YES;
				GCC_WARN_UNUSED_VARIABLE = YES;
				IPHONEOS_DEPLOYMENT_TARGET = 9.1;
				MTL_ENABLE_DEBUG_INFO = NO;
				SDKROOT = iphoneos;
				VALIDATE_PRODUCT = YES;
			};
			name = Release;
		};
		C7A29E6B1C0C9EAD001B0EF5 /* Debug */ = {
			isa = XCBuildConfiguration;
			buildSettings = {
				ASSETCATALOG_COMPILER_APPICON_NAME = AppIcon;
				INFOPLIST_FILE = LawTracker/Info.plist;
				LD_RUNPATH_SEARCH_PATHS = "$(inherited) @executable_path/Frameworks";
				PRODUCT_BUNDLE_IDENTIFIER = org.chesno.LawTracker;
				PRODUCT_NAME = "$(TARGET_NAME)";
				TARGETED_DEVICE_FAMILY = "1,2";
			};
			name = Debug;
		};
		C7A29E6C1C0C9EAD001B0EF5 /* Release */ = {
			isa = XCBuildConfiguration;
			buildSettings = {
				ASSETCATALOG_COMPILER_APPICON_NAME = AppIcon;
				INFOPLIST_FILE = LawTracker/Info.plist;
				LD_RUNPATH_SEARCH_PATHS = "$(inherited) @executable_path/Frameworks";
				PRODUCT_BUNDLE_IDENTIFIER = org.chesno.LawTracker;
				PRODUCT_NAME = "$(TARGET_NAME)";
				TARGETED_DEVICE_FAMILY = "1,2";
			};
			name = Release;
		};
		C7A29E6E1C0C9EAD001B0EF5 /* Debug */ = {
			isa = XCBuildConfiguration;
			buildSettings = {
				BUNDLE_LOADER = "$(TEST_HOST)";
				INFOPLIST_FILE = LawTrackerTests/Info.plist;
				LD_RUNPATH_SEARCH_PATHS = "$(inherited) @executable_path/Frameworks @loader_path/Frameworks";
				PRODUCT_BUNDLE_IDENTIFIER = org.chesno.LawTrackerTests;
				PRODUCT_NAME = "$(TARGET_NAME)";
				TEST_HOST = "$(BUILT_PRODUCTS_DIR)/LawTracker.app/LawTracker";
			};
			name = Debug;
		};
		C7A29E6F1C0C9EAD001B0EF5 /* Release */ = {
			isa = XCBuildConfiguration;
			buildSettings = {
				BUNDLE_LOADER = "$(TEST_HOST)";
				INFOPLIST_FILE = LawTrackerTests/Info.plist;
				LD_RUNPATH_SEARCH_PATHS = "$(inherited) @executable_path/Frameworks @loader_path/Frameworks";
				PRODUCT_BUNDLE_IDENTIFIER = org.chesno.LawTrackerTests;
				PRODUCT_NAME = "$(TARGET_NAME)";
				TEST_HOST = "$(BUILT_PRODUCTS_DIR)/LawTracker.app/LawTracker";
			};
			name = Release;
		};
/* End XCBuildConfiguration section */

/* Begin XCConfigurationList section */
		C7A29E431C0C9EAD001B0EF5 /* Build configuration list for PBXProject "LawTracker" */ = {
			isa = XCConfigurationList;
			buildConfigurations = (
				C7A29E681C0C9EAD001B0EF5 /* Debug */,
				C7A29E691C0C9EAD001B0EF5 /* Release */,
			);
			defaultConfigurationIsVisible = 0;
			defaultConfigurationName = Release;
		};
		C7A29E6A1C0C9EAD001B0EF5 /* Build configuration list for PBXNativeTarget "LawTracker" */ = {
			isa = XCConfigurationList;
			buildConfigurations = (
				C7A29E6B1C0C9EAD001B0EF5 /* Debug */,
				C7A29E6C1C0C9EAD001B0EF5 /* Release */,
			);
			defaultConfigurationIsVisible = 0;
			defaultConfigurationName = Release;
		};
		C7A29E6D1C0C9EAD001B0EF5 /* Build configuration list for PBXNativeTarget "LawTrackerTests" */ = {
			isa = XCConfigurationList;
			buildConfigurations = (
				C7A29E6E1C0C9EAD001B0EF5 /* Debug */,
				C7A29E6F1C0C9EAD001B0EF5 /* Release */,
			);
			defaultConfigurationIsVisible = 0;
			defaultConfigurationName = Release;
		};
/* End XCConfigurationList section */

/* Begin XCVersionGroup section */
		C7A29E4D1C0C9EAD001B0EF5 /* LawTracker.xcdatamodeld */ = {
			isa = XCVersionGroup;
			children = (
				C7A29E4E1C0C9EAD001B0EF5 /* LawTracker.xcdatamodel */,
			);
			currentVersion = C7A29E4E1C0C9EAD001B0EF5 /* LawTracker.xcdatamodel */;
			path = LawTracker.xcdatamodeld;
			sourceTree = "<group>";
			versionGroupType = wrapper.xcdatamodel;
		};
/* End XCVersionGroup section */
	};
	rootObject = C7A29E401C0C9EAD001B0EF5 /* Project object */;
}
